
Microsoft Visual Studio Solution File, Format Version 12.00
# Visual Studio 15
VisualStudioVersion = 15.0.28307.1000
MinimumVisualStudioVersion = 10.0.40219.1
Project("{FAE04EC0-301F-11D3-BF4B-00C04F79EFBC}") = "APPINAPIWeb", "APPINAPIWeb\APPINAPIWeb.csproj", "{3E8FAD33-9CED-426A-916C-9A43462B9797}"
EndProject
Project("{FAE04EC0-301F-11D3-BF4B-00C04F79EFBC}") = "BLL", "BLL\BLL.csproj", "{C85DFD14-43EA-417F-AD50-DBA5D4E355B1}"
EndProject
Project("{FAE04EC0-301F-11D3-BF4B-00C04F79EFBC}") = "DAL", "DAL\DAL.csproj", "{1CFBE679-B0CC-421B-874B-7919D3CFCCA1}"
EndProject
Project("{FAE04EC0-301F-11D3-BF4B-00C04F79EFBC}") = "ENTIDADES", "ENTIDADES\ENTIDADES.csproj", "{D573E869-0972-4CC2-BDD3-A2A2B383B0E5}"
EndProject
Global
	GlobalSection(SolutionConfigurationPlatforms) = preSolution
		Debug|Any CPU = Debug|Any CPU
		Release|Any CPU = Release|Any CPU
	EndGlobalSection
	GlobalSection(ProjectConfigurationPlatforms) = postSolution
		{3E8FAD33-9CED-426A-916C-9A43462B9797}.Debug|Any CPU.ActiveCfg = Debug|Any CPU
		{3E8FAD33-9CED-426A-916C-9A43462B9797}.Debug|Any CPU.Build.0 = Debug|Any CPU
		{3E8FAD33-9CED-426A-916C-9A43462B9797}.Release|Any CPU.ActiveCfg = Release|Any CPU
		{3E8FAD33-9CED-426A-916C-9A43462B9797}.Release|Any CPU.Build.0 = Release|Any CPU
		{C85DFD14-43EA-417F-AD50-DBA5D4E355B1}.Debug|Any CPU.ActiveCfg = Debug|Any CPU
		{C85DFD14-43EA-417F-AD50-DBA5D4E355B1}.Debug|Any CPU.Build.0 = Debug|Any CPU
		{C85DFD14-43EA-417F-AD50-DBA5D4E355B1}.Release|Any CPU.ActiveCfg = Release|Any CPU
		{C85DFD14-43EA-417F-AD50-DBA5D4E355B1}.Release|Any CPU.Build.0 = Release|Any CPU
		{1CFBE679-B0CC-421B-874B-7919D3CFCCA1}.Debug|Any CPU.ActiveCfg = Debug|Any CPU
		{1CFBE679-B0CC-421B-874B-7919D3CFCCA1}.Debug|Any CPU.Build.0 = Debug|Any CPU
		{1CFBE679-B0CC-421B-874B-7919D3CFCCA1}.Release|Any CPU.ActiveCfg = Release|Any CPU
		{1CFBE679-B0CC-421B-874B-7919D3CFCCA1}.Release|Any CPU.Build.0 = Release|Any CPU
		{D573E869-0972-4CC2-BDD3-A2A2B383B0E5}.Debug|Any CPU.ActiveCfg = Debug|Any CPU
		{D573E869-0972-4CC2-BDD3-A2A2B383B0E5}.Debug|Any CPU.Build.0 = Debug|Any CPU
		{D573E869-0972-4CC2-BDD3-A2A2B383B0E5}.Release|Any CPU.ActiveCfg = Release|Any CPU
		{D573E869-0972-4CC2-BDD3-A2A2B383B0E5}.Release|Any CPU.Build.0 = Release|Any CPU
	EndGlobalSection
	GlobalSection(SolutionProperties) = preSolution
		HideSolutionNode = FALSE
	EndGlobalSection
	GlobalSection(ExtensibilityGlobals) = postSolution
		SolutionGuid = {5209B1BF-1DCC-459F-9BA7-05ECF74601F9}
	EndGlobalSection
EndGlobal
